
Microsoft Visual Studio Solution File, Format Version 12.00
# Visual Studio Version 17
VisualStudioVersion = 17.0.31903.59
MinimumVisualStudioVersion = 10.0.40219.1
Project("{FAE04EC0-301F-11D3-BF4B-00C04F79EFBC}") = "Slcanx", "Slcanx\Slcanx.csproj", "{3ECB3DF1-A44A-49FE-AD82-425BD2EA323E}"
EndProject
Project("{2150E333-8FDC-42A3-9474-1A3956D46DE8}") = "Examples", "Examples", "{E75D5CCC-4EAC-4EBF-867B-D51AF3BEF743}"
EndProject
Project("{FAE04EC0-301F-11D3-BF4B-00C04F79EFBC}") = "01_SimpleStd", "Examples\01_SimpleStd\01_SimpleStd.csproj", "{3028DDBE-8D79-4F73-A2E7-A0983DF31B0F}"
EndProject
Project("{FAE04EC0-301F-11D3-BF4B-00C04F79EFBC}") = "02_Periodic", "Examples\02_Periodic\02_Periodic.csproj", "{89E6C629-F83F-4D07-88B6-686461A6B3B8}"
EndProject
Project("{FAE04EC0-301F-11D3-BF4B-00C04F79EFBC}") = "03_MultiStdThreading", "Examples\03_MultiStdThreading\03_MultiStdThreading.csproj", "{F25765E3-8B9D-4C5E-893A-FC88C0DDFE95}"
EndProject
Project("{FAE04EC0-301F-11D3-BF4B-00C04F79EFBC}") = "04_MultiStdAsync", "Examples\04_MultiStdAsync\04_MultiStdAsync.csproj", "{873DA5D1-8AC1-4979-8BD2-2B7B4446BA63}"
EndProject
Project("{FAE04EC0-301F-11D3-BF4B-00C04F79EFBC}") = "05_SimpleFd", "Examples\05_SimpleFd\05_SimpleFd.csproj", "{D221E25F-DDBF-4056-9AAA-2264FB1DCCB9}"
EndProject
Project("{FAE04EC0-301F-11D3-BF4B-00C04F79EFBC}") = "06_MultiFdThreading", "Examples\06_MultiFdThreading\06_MultiFdThreading.csproj", "{C728992C-62A1-423C-8B0F-60F38ECF3963}"
EndProject
Project("{FAE04EC0-301F-11D3-BF4B-00C04F79EFBC}") = "07_MultiFdAsync", "Examples\07_MultiFdAsync\07_MultiFdAsync.csproj", "{444ED75B-1321-45A1-9BB7-D4B01A4F3F46}"
EndProject
Project("{FAE04EC0-301F-11D3-BF4B-00C04F79EFBC}") = "08_CustomTiming", "Examples\08_CustomTiming\08_CustomTiming.csproj", "{5027AF77-0EB4-4788-B57B-D4B383F1A9F7}"
EndProject
Project("{FAE04EC0-301F-11D3-BF4B-00C04F79EFBC}") = "09_MultiCustomTimingThreading", "Examples\09_MultiCustomTimingThreading\09_MultiCustomTimingThreading.csproj", "{21031682-B9B6-4704-BADB-03F50A965FD1}"
EndProject
Project("{FAE04EC0-301F-11D3-BF4B-00C04F79EFBC}") = "10_MultiCustomTimingAsync", "Examples\10_MultiCustomTimingAsync\10_MultiCustomTimingAsync.csproj", "{FD41FDAC-BFFD-4D8E-9583-2D86AF8721A0}"
EndProject
Project("{FAE04EC0-301F-11D3-BF4B-00C04F79EFBC}") = "11_SimpleStdRxTx", "Examples\11_SimpleStdRxTx\11_SimpleStdRxTx.csproj", "{BE86137D-F0BB-4D33-A2DE-8102E30A3825}"
EndProject
Project("{FAE04EC0-301F-11D3-BF4B-00C04F79EFBC}") = "12_MultiCustomTimingAsyncRxTx", "Examples\12_MultiCustomTimingAsyncRxTx\12_MultiCustomTimingAsyncRxTx.csproj", "{6EDA023B-88A8-46CB-B4BB-EB9330B6288B}"
EndProject
Global
	GlobalSection(SolutionConfigurationPlatforms) = preSolution
		Debug|Any CPU = Debug|Any CPU
		Release|Any CPU = Release|Any CPU
	EndGlobalSection
	GlobalSection(SolutionProperties) = preSolution
		HideSolutionNode = FALSE
	EndGlobalSection
	GlobalSection(ProjectConfigurationPlatforms) = postSolution
		{3ECB3DF1-A44A-49FE-AD82-425BD2EA323E}.Debug|Any CPU.ActiveCfg = Debug|Any CPU
		{3ECB3DF1-A44A-49FE-AD82-425BD2EA323E}.Debug|Any CPU.Build.0 = Debug|Any CPU
		{3ECB3DF1-A44A-49FE-AD82-425BD2EA323E}.Release|Any CPU.ActiveCfg = Release|Any CPU
		{3ECB3DF1-A44A-49FE-AD82-425BD2EA323E}.Release|Any CPU.Build.0 = Release|Any CPU
		{3028DDBE-8D79-4F73-A2E7-A0983DF31B0F}.Debug|Any CPU.ActiveCfg = Debug|Any CPU
		{3028DDBE-8D79-4F73-A2E7-A0983DF31B0F}.Debug|Any CPU.Build.0 = Debug|Any CPU
		{3028DDBE-8D79-4F73-A2E7-A0983DF31B0F}.Release|Any CPU.ActiveCfg = Release|Any CPU
		{3028DDBE-8D79-4F73-A2E7-A0983DF31B0F}.Release|Any CPU.Build.0 = Release|Any CPU
		{89E6C629-F83F-4D07-88B6-686461A6B3B8}.Debug|Any CPU.ActiveCfg = Debug|Any CPU
		{89E6C629-F83F-4D07-88B6-686461A6B3B8}.Debug|Any CPU.Build.0 = Debug|Any CPU
		{89E6C629-F83F-4D07-88B6-686461A6B3B8}.Release|Any CPU.ActiveCfg = Release|Any CPU
		{89E6C629-F83F-4D07-88B6-686461A6B3B8}.Release|Any CPU.Build.0 = Release|Any CPU
		{F25765E3-8B9D-4C5E-893A-FC88C0DDFE95}.Debug|Any CPU.ActiveCfg = Debug|Any CPU
		{F25765E3-8B9D-4C5E-893A-FC88C0DDFE95}.Debug|Any CPU.Build.0 = Debug|Any CPU
		{F25765E3-8B9D-4C5E-893A-FC88C0DDFE95}.Release|Any CPU.ActiveCfg = Release|Any CPU
		{F25765E3-8B9D-4C5E-893A-FC88C0DDFE95}.Release|Any CPU.Build.0 = Release|Any CPU
		{873DA5D1-8AC1-4979-8BD2-2B7B4446BA63}.Debug|Any CPU.ActiveCfg = Debug|Any CPU
		{873DA5D1-8AC1-4979-8BD2-2B7B4446BA63}.Debug|Any CPU.Build.0 = Debug|Any CPU
		{873DA5D1-8AC1-4979-8BD2-2B7B4446BA63}.Release|Any CPU.ActiveCfg = Release|Any CPU
		{873DA5D1-8AC1-4979-8BD2-2B7B4446BA63}.Release|Any CPU.Build.0 = Release|Any CPU
		{D221E25F-DDBF-4056-9AAA-2264FB1DCCB9}.Debug|Any CPU.ActiveCfg = Debug|Any CPU
		{D221E25F-DDBF-4056-9AAA-2264FB1DCCB9}.Debug|Any CPU.Build.0 = Debug|Any CPU
		{D221E25F-DDBF-4056-9AAA-2264FB1DCCB9}.Release|Any CPU.ActiveCfg = Release|Any CPU
		{D221E25F-DDBF-4056-9AAA-2264FB1DCCB9}.Release|Any CPU.Build.0 = Release|Any CPU
		{C728992C-62A1-423C-8B0F-60F38ECF3963}.Debug|Any CPU.ActiveCfg = Debug|Any CPU
		{C728992C-62A1-423C-8B0F-60F38ECF3963}.Debug|Any CPU.Build.0 = Debug|Any CPU
		{C728992C-62A1-423C-8B0F-60F38ECF3963}.Release|Any CPU.ActiveCfg = Release|Any CPU
		{C728992C-62A1-423C-8B0F-60F38ECF3963}.Release|Any CPU.Build.0 = Release|Any CPU
		{444ED75B-1321-45A1-9BB7-D4B01A4F3F46}.Debug|Any CPU.ActiveCfg = Debug|Any CPU
		{444ED75B-1321-45A1-9BB7-D4B01A4F3F46}.Debug|Any CPU.Build.0 = Debug|Any CPU
		{444ED75B-1321-45A1-9BB7-D4B01A4F3F46}.Release|Any CPU.ActiveCfg = Release|Any CPU
		{444ED75B-1321-45A1-9BB7-D4B01A4F3F46}.Release|Any CPU.Build.0 = Release|Any CPU
		{5027AF77-0EB4-4788-B57B-D4B383F1A9F7}.Debug|Any CPU.ActiveCfg = Debug|Any CPU
		{5027AF77-0EB4-4788-B57B-D4B383F1A9F7}.Debug|Any CPU.Build.0 = Debug|Any CPU
		{5027AF77-0EB4-4788-B57B-D4B383F1A9F7}.Release|Any CPU.ActiveCfg = Release|Any CPU
		{5027AF77-0EB4-4788-B57B-D4B383F1A9F7}.Release|Any CPU.Build.0 = Release|Any CPU
		{21031682-B9B6-4704-BADB-03F50A965FD1}.Debug|Any CPU.ActiveCfg = Debug|Any CPU
		{21031682-B9B6-4704-BADB-03F50A965FD1}.Debug|Any CPU.Build.0 = Debug|Any CPU
		{21031682-B9B6-4704-BADB-03F50A965FD1}.Release|Any CPU.ActiveCfg = Release|Any CPU
		{21031682-B9B6-4704-BADB-03F50A965FD1}.Release|Any CPU.Build.0 = Release|Any CPU
		{FD41FDAC-BFFD-4D8E-9583-2D86AF8721A0}.Debug|Any CPU.ActiveCfg = Debug|Any CPU
		{FD41FDAC-BFFD-4D8E-9583-2D86AF8721A0}.Debug|Any CPU.Build.0 = Debug|Any CPU
		{FD41FDAC-BFFD-4D8E-9583-2D86AF8721A0}.Release|Any CPU.ActiveCfg = Release|Any CPU
		{FD41FDAC-BFFD-4D8E-9583-2D86AF8721A0}.Release|Any CPU.Build.0 = Release|Any CPU
		{BE86137D-F0BB-4D33-A2DE-8102E30A3825}.Debug|Any CPU.ActiveCfg = Debug|Any CPU
		{BE86137D-F0BB-4D33-A2DE-8102E30A3825}.Debug|Any CPU.Build.0 = Debug|Any CPU
		{BE86137D-F0BB-4D33-A2DE-8102E30A3825}.Release|Any CPU.ActiveCfg = Release|Any CPU
		{BE86137D-F0BB-4D33-A2DE-8102E30A3825}.Release|Any CPU.Build.0 = Release|Any CPU
		{6EDA023B-88A8-46CB-B4BB-EB9330B6288B}.Debug|Any CPU.ActiveCfg = Debug|Any CPU
		{6EDA023B-88A8-46CB-B4BB-EB9330B6288B}.Debug|Any CPU.Build.0 = Debug|Any CPU
		{6EDA023B-88A8-46CB-B4BB-EB9330B6288B}.Release|Any CPU.ActiveCfg = Release|Any CPU
		{6EDA023B-88A8-46CB-B4BB-EB9330B6288B}.Release|Any CPU.Build.0 = Release|Any CPU
	EndGlobalSection
	GlobalSection(NestedProjects) = preSolution
		{3028DDBE-8D79-4F73-A2E7-A0983DF31B0F} = {E75D5CCC-4EAC-4EBF-867B-D51AF3BEF743}
		{89E6C629-F83F-4D07-88B6-686461A6B3B8} = {E75D5CCC-4EAC-4EBF-867B-D51AF3BEF743}
		{F25765E3-8B9D-4C5E-893A-FC88C0DDFE95} = {E75D5CCC-4EAC-4EBF-867B-D51AF3BEF743}
		{873DA5D1-8AC1-4979-8BD2-2B7B4446BA63} = {E75D5CCC-4EAC-4EBF-867B-D51AF3BEF743}
		{D221E25F-DDBF-4056-9AAA-2264FB1DCCB9} = {E75D5CCC-4EAC-4EBF-867B-D51AF3BEF743}
		{C728992C-62A1-423C-8B0F-60F38ECF3963} = {E75D5CCC-4EAC-4EBF-867B-D51AF3BEF743}
		{444ED75B-1321-45A1-9BB7-D4B01A4F3F46} = {E75D5CCC-4EAC-4EBF-867B-D51AF3BEF743}
		{5027AF77-0EB4-4788-B57B-D4B383F1A9F7} = {E75D5CCC-4EAC-4EBF-867B-D51AF3BEF743}
		{21031682-B9B6-4704-BADB-03F50A965FD1} = {E75D5CCC-4EAC-4EBF-867B-D51AF3BEF743}
		{FD41FDAC-BFFD-4D8E-9583-2D86AF8721A0} = {E75D5CCC-4EAC-4EBF-867B-D51AF3BEF743}
		{BE86137D-F0BB-4D33-A2DE-8102E30A3825} = {E75D5CCC-4EAC-4EBF-867B-D51AF3BEF743}
		{6EDA023B-88A8-46CB-B4BB-EB9330B6288B} = {E75D5CCC-4EAC-4EBF-867B-D51AF3BEF743}
	EndGlobalSection
EndGlobal
